
Microsoft Visual Studio Solution File, Format Version 11.00
# Visual Studio 2010
Project("{FAE04EC0-301F-11D3-BF4B-00C04F79EFBC}") = "mTouchPDFReader_Demo", "Demo\mTouchPDFReader_Demo.csproj", "{2070FC24-3BB7-4747-99FC-6D314234C3DE}"
EndProject
Project("{FAE04EC0-301F-11D3-BF4B-00C04F79EFBC}") = "mTouchPDFReader_Library", "Library\mTouchPDFReader_Library.csproj", "{7515AD42-FDA0-46A4-A88E-FC09B164FBA1}"
EndProject
Global
	GlobalSection(SolutionConfigurationPlatforms) = preSolution
		Debug|iPhoneSimulator = Debug|iPhoneSimulator
		Release|iPhoneSimulator = Release|iPhoneSimulator
		Debug|iPhone = Debug|iPhone
		Release|iPhone = Release|iPhone
	EndGlobalSection
	GlobalSection(ProjectConfigurationPlatforms) = postSolution
		{2070FC24-3BB7-4747-99FC-6D314234C3DE}.Debug|iPhone.ActiveCfg = Debug|iPhone
		{2070FC24-3BB7-4747-99FC-6D314234C3DE}.Debug|iPhone.Build.0 = Debug|iPhone
		{2070FC24-3BB7-4747-99FC-6D314234C3DE}.Debug|iPhoneSimulator.ActiveCfg = Debug|iPhoneSimulator
		{2070FC24-3BB7-4747-99FC-6D314234C3DE}.Debug|iPhoneSimulator.Build.0 = Debug|iPhoneSimulator
		{2070FC24-3BB7-4747-99FC-6D314234C3DE}.Release|iPhone.ActiveCfg = Release|iPhone
		{2070FC24-3BB7-4747-99FC-6D314234C3DE}.Release|iPhone.Build.0 = Release|iPhone
		{2070FC24-3BB7-4747-99FC-6D314234C3DE}.Release|iPhoneSimulator.ActiveCfg = Release|iPhoneSimulator
		{2070FC24-3BB7-4747-99FC-6D314234C3DE}.Release|iPhoneSimulator.Build.0 = Release|iPhoneSimulator
		{7515AD42-FDA0-46A4-A88E-FC09B164FBA1}.Debug|iPhone.ActiveCfg = Debug|iPhone
		{7515AD42-FDA0-46A4-A88E-FC09B164FBA1}.Debug|iPhone.Build.0 = Debug|iPhone
		{7515AD42-FDA0-46A4-A88E-FC09B164FBA1}.Debug|iPhoneSimulator.ActiveCfg = Debug|iPhoneSimulator
		{7515AD42-FDA0-46A4-A88E-FC09B164FBA1}.Debug|iPhoneSimulator.Build.0 = Debug|iPhoneSimulator
		{7515AD42-FDA0-46A4-A88E-FC09B164FBA1}.Release|iPhone.ActiveCfg = Release|iPhone
		{7515AD42-FDA0-46A4-A88E-FC09B164FBA1}.Release|iPhone.Build.0 = Release|iPhone
		{7515AD42-FDA0-46A4-A88E-FC09B164FBA1}.Release|iPhoneSimulator.ActiveCfg = Release|iPhoneSimulator
		{7515AD42-FDA0-46A4-A88E-FC09B164FBA1}.Release|iPhoneSimulator.Build.0 = Release|iPhoneSimulator
	EndGlobalSection
	GlobalSection(MonoDevelopProperties) = preSolution
		StartupItem = Demo\mTouchPDFReader_Demo.csproj
		Policies = $0
		$0.DotNetNamingPolicy = $1
		$1.DirectoryNamespaceAssociation = None
		$1.ResourceNamePolicy = FileName
		$0.TextStylePolicy = $2
		$2.TabWidth = 4
		$2.inheritsSet = Mono
		$2.inheritsScope = text/plain
		$2.scope = application/vnd.apple-interface-builder
		$0.XmlFormattingPolicy = $3
		$3.inheritsSet = Mono
		$3.inheritsScope = application/xml
		$3.scope = application/vnd.apple-interface-builder
		$0.TextStylePolicy = $4
		$4.TabWidth = 4
		$4.inheritsSet = Mono
		$4.inheritsScope = text/plain
		$4.scope = application/xml
		$0.XmlFormattingPolicy = $5
		$5.inheritsSet = Mono
		$5.inheritsScope = application/xml
		$5.scope = application/xml
		$0.TextStylePolicy = $6
		$6.TabWidth = 4
		$6.inheritsSet = Mono
		$6.inheritsScope = text/plain
		$6.scope = text/plain
		$0.TextStylePolicy = $7
		$7.TabsToSpaces = False
		$7.inheritsSet = VisualStudio
		$7.inheritsScope = text/plain
		$7.scope = text/x-csharp
		$0.CSharpFormattingPolicy = $8
		$8.IndentSwitchBody = True
		$8.AllowPropertyGetBlockInline = False
		$8.AllowPropertySetBlockInline = False
		$8.AllowEventAddBlockInline = False
		$8.AllowEventRemoveBlockInline = False
		$8.IfElseBraceForcement = AddBraces
		$8.ForBraceForcement = AddBraces
		$8.WhileBraceForcement = AddBraces
		$8.UsingBraceForcement = AddBraces
		$8.FixedBraceForcement = AddBraces
		$8.ElseIfNewLinePlacement = SameLine
		$8.ArrayInitializerWrapping = DoNotChange
		$8.ArrayInitializerBraceStyle = NextLine
		$8.BeforeMethodDeclarationParentheses = False
		$8.BeforeMethodCallParentheses = False
		$8.BeforeConstructorDeclarationParentheses = False
		$8.BeforeDelegateDeclarationParentheses = False
		$8.NewParentheses = False
		$8.BlankLinesBeforeUsings = 1
		$8.BlankLinesBeforeFirstDeclaration = 1
		$8.inheritsSet = Mono
		$8.inheritsScope = text/x-csharp
		$8.scope = text/x-csharp
		$0.TextStylePolicy = $9
		$9.TabWidth = 4
		$9.inheritsSet = Mono
		$9.inheritsScope = text/plain
		$9.scope = text/x-apple-strings
		$0.StandardHeader = $10
		$10.Text = @  ${FileName}\n \n Author:\n      ${AuthorName} <${AuthorEmail}>\n\n Copyright (c) ${Year} ${CopyrightHolder}\n\n This program is free software: you can redistribute it and/or modify\n it under the terms of the GNU General Public License as published by\n the Free Software Foundation, either version 3 of the License, or\n (at your option) any later version.\n\n This program is distributed in the hope that it will be useful,\n but WITHOUT ANY WARRANTY; without even the implied warranty of\n MERCHANTABILITY or FITNESS FOR A PARTICULAR PURPOSE.  See the\n GNU General Public License for more details.\n\n You should have received a copy of the GNU General Public License\n along with this program.  If not, see <http://www.gnu.org/licenses/>.
		$10.IncludeInNewFiles = True
		$0.NameConventionPolicy = $11
		$11.Rules = $12
		$12.NamingRule = $13
		$13.Name = Namespaces
		$13.AffectedEntity = Namespace
		$13.VisibilityMask = VisibilityMask
		$13.NamingStyle = PascalCase
		$13.IncludeInstanceMembers = True
		$13.IncludeStaticEntities = True
		$12.NamingRule = $14
		$14.Name = Types
		$14.AffectedEntity = Class, Struct, Enum, Delegate
		$14.VisibilityMask = Public
		$14.NamingStyle = PascalCase
		$14.IncludeInstanceMembers = True
		$14.IncludeStaticEntities = True
		$12.NamingRule = $15
		$15.Name = Interfaces
		$15.RequiredPrefixes = $16
		$16.String = I
		$15.AffectedEntity = Interface
		$15.VisibilityMask = Public
		$15.NamingStyle = PascalCase
		$15.IncludeInstanceMembers = True
		$15.IncludeStaticEntities = True
		$12.NamingRule = $17
		$17.Name = Attributes
		$17.RequiredSuffixes = $18
		$18.String = Attribute
		$17.AffectedEntity = CustomAttributes
		$17.VisibilityMask = Public
		$17.NamingStyle = PascalCase
		$17.IncludeInstanceMembers = True
		$17.IncludeStaticEntities = True
		$12.NamingRule = $19
		$19.Name = Event Arguments
		$19.RequiredSuffixes = $20
		$20.String = EventArgs
		$19.AffectedEntity = CustomEventArgs
		$19.VisibilityMask = Public
		$19.NamingStyle = PascalCase
		$19.IncludeInstanceMembers = True
		$19.IncludeStaticEntities = True
		$12.NamingRule = $21
		$21.Name = Exceptions
		$21.RequiredSuffixes = $22
		$22.String = Exception
		$21.AffectedEntity = CustomExceptions
		$21.VisibilityMask = VisibilityMask
		$21.NamingStyle = PascalCase
		$21.IncludeInstanceMembers = True
		$21.IncludeStaticEntities = True
		$12.NamingRule = $23
		$23.Name = Methods
		$23.AffectedEntity = Methods
		$23.VisibilityMask = Protected, Public
		$23.NamingStyle = PascalCase
		$23.IncludeInstanceMembers = True
		$23.IncludeStaticEntities = True
		$12.NamingRule = $24
		$24.Name = Static Readonly Fields
		$24.AffectedEntity = ReadonlyField
		$24.VisibilityMask = Protected, Public
		$24.NamingStyle = PascalCase
		$24.IncludeInstanceMembers = False
		$24.IncludeStaticEntities = True
		$12.NamingRule = $25
		$25.Name = Fields
		$25.AffectedEntity = Field
		$25.VisibilityMask = Protected, Public
		$25.NamingStyle = PascalCase
		$25.IncludeInstanceMembers = True
		$25.IncludeStaticEntities = True
		$12.NamingRule = $26
		$26.Name = ReadOnly Fields
		$26.AffectedEntity = ReadonlyField
		$26.VisibilityMask = Protected, Public
		$26.NamingStyle = PascalCase
		$26.IncludeInstanceMembers = True
		$26.IncludeStaticEntities = False
		$12.NamingRule = $27
		$27.Name = Constant Fields
		$27.AffectedEntity = ConstantField
		$27.VisibilityMask = Protected, Public
		$27.NamingStyle = PascalCase
		$27.IncludeInstanceMembers = True
		$27.IncludeStaticEntities = True
		$12.NamingRule = $28
		$28.Name = Properties
		$28.AffectedEntity = Property
		$28.VisibilityMask = Protected, Public
		$28.NamingStyle = PascalCase
		$28.IncludeInstanceMembers = True
		$28.IncludeStaticEntities = True
		$12.NamingRule = $29
		$29.Name = Events
		$29.AffectedEntity = Event
		$29.VisibilityMask = Protected, Public
		$29.NamingStyle = PascalCase
		$29.IncludeInstanceMembers = True
		$29.IncludeStaticEntities = True
		$12.NamingRule = $30
		$30.Name = Enum Members
		$30.AffectedEntity = EnumMember
		$30.VisibilityMask = VisibilityMask
		$30.NamingStyle = PascalCase
		$30.IncludeInstanceMembers = True
		$30.IncludeStaticEntities = True
		$12.NamingRule = $31
		$31.Name = Parameters
		$31.AffectedEntity = Parameter
		$31.VisibilityMask = VisibilityMask
		$31.NamingStyle = CamelCase
		$31.IncludeInstanceMembers = True
		$31.IncludeStaticEntities = True
		$12.NamingRule = $32
		$32.Name = Type Parameters
		$32.RequiredPrefixes = $33
		$33.String = T
		$32.AffectedEntity = TypeParameter
		$32.VisibilityMask = VisibilityMask
		$32.NamingStyle = PascalCase
		$32.IncludeInstanceMembers = True
		$32.IncludeStaticEntities = True
	EndGlobalSection
EndGlobal
